
Microsoft Visual Studio Solution File, Format Version 12.00
# Visual Studio Version 16
VisualStudioVersion = 16.0.30804.86
MinimumVisualStudioVersion = 10.0.40219.1
Project("{9A19103F-16F7-4668-BE54-9A1E7A4F7556}") = "Server", "Server\Server.csproj", "{323401A7-1E95-4DAF-91A1-A4795E0B8C22}"
EndProject
Project("{9A19103F-16F7-4668-BE54-9A1E7A4F7556}") = "PacketGenerator", "PacketGenerator\PacketGenerator.csproj", "{16A4A5A2-FD8C-418F-92B1-67A0181A2697}"
EndProject
Project("{2150E333-8FDC-42A3-9474-1A3956D46DE8}") = "Tool", "Tool", "{70449383-77A1-4602-9D17-F26ED73F0329}"
EndProject
Project("{9A19103F-16F7-4668-BE54-9A1E7A4F7556}") = "SClient", "SClient\SClient.csproj", "{D2BD6C64-553F-40AE-A6F6-B1B50967CEED}"
EndProject
Project("{9A19103F-16F7-4668-BE54-9A1E7A4F7556}") = "PClient", "PClient\PClient.csproj", "{409F3832-3759-458C-B47F-D0E0B78213E8}"
EndProject
Project("{9A19103F-16F7-4668-BE54-9A1E7A4F7556}") = "DBLogin", "DBLogin\DBLogin.csproj", "{9C2E3B06-9D40-425D-8B07-A41F6710F472}"
EndProject
Project("{9A19103F-16F7-4668-BE54-9A1E7A4F7556}") = "DummyClient2", "DummyClient2\DummyClient2.csproj", "{1F86376D-8D1D-4C71-AEF0-FA120AB189EB}"
EndProject
Project("{9A19103F-16F7-4668-BE54-9A1E7A4F7556}") = "DummyClient3", "DummyClient3\DummyClient3.csproj", "{C55F3A86-FA4B-418C-AC99-BE899292A104}"
EndProject
Global
	GlobalSection(SolutionConfigurationPlatforms) = preSolution
		Debug|Any CPU = Debug|Any CPU
		Release|Any CPU = Release|Any CPU
	EndGlobalSection
	GlobalSection(ProjectConfigurationPlatforms) = postSolution
		{323401A7-1E95-4DAF-91A1-A4795E0B8C22}.Debug|Any CPU.ActiveCfg = Debug|Any CPU
		{323401A7-1E95-4DAF-91A1-A4795E0B8C22}.Debug|Any CPU.Build.0 = Debug|Any CPU
		{323401A7-1E95-4DAF-91A1-A4795E0B8C22}.Release|Any CPU.ActiveCfg = Release|Any CPU
		{323401A7-1E95-4DAF-91A1-A4795E0B8C22}.Release|Any CPU.Build.0 = Release|Any CPU
		{16A4A5A2-FD8C-418F-92B1-67A0181A2697}.Debug|Any CPU.ActiveCfg = Debug|Any CPU
		{16A4A5A2-FD8C-418F-92B1-67A0181A2697}.Debug|Any CPU.Build.0 = Debug|Any CPU
		{16A4A5A2-FD8C-418F-92B1-67A0181A2697}.Release|Any CPU.ActiveCfg = Release|Any CPU
		{16A4A5A2-FD8C-418F-92B1-67A0181A2697}.Release|Any CPU.Build.0 = Release|Any CPU
		{D2BD6C64-553F-40AE-A6F6-B1B50967CEED}.Debug|Any CPU.ActiveCfg = Debug|Any CPU
		{D2BD6C64-553F-40AE-A6F6-B1B50967CEED}.Debug|Any CPU.Build.0 = Debug|Any CPU
		{D2BD6C64-553F-40AE-A6F6-B1B50967CEED}.Release|Any CPU.ActiveCfg = Release|Any CPU
		{D2BD6C64-553F-40AE-A6F6-B1B50967CEED}.Release|Any CPU.Build.0 = Release|Any CPU
		{409F3832-3759-458C-B47F-D0E0B78213E8}.Debug|Any CPU.ActiveCfg = Debug|Any CPU
		{409F3832-3759-458C-B47F-D0E0B78213E8}.Debug|Any CPU.Build.0 = Debug|Any CPU
		{409F3832-3759-458C-B47F-D0E0B78213E8}.Release|Any CPU.ActiveCfg = Release|Any CPU
		{409F3832-3759-458C-B47F-D0E0B78213E8}.Release|Any CPU.Build.0 = Release|Any CPU
		{9C2E3B06-9D40-425D-8B07-A41F6710F472}.Debug|Any CPU.ActiveCfg = Debug|Any CPU
		{9C2E3B06-9D40-425D-8B07-A41F6710F472}.Debug|Any CPU.Build.0 = Debug|Any CPU
		{9C2E3B06-9D40-425D-8B07-A41F6710F472}.Release|Any CPU.ActiveCfg = Release|Any CPU
		{9C2E3B06-9D40-425D-8B07-A41F6710F472}.Release|Any CPU.Build.0 = Release|Any CPU
		{1F86376D-8D1D-4C71-AEF0-FA120AB189EB}.Debug|Any CPU.ActiveCfg = Debug|Any CPU
		{1F86376D-8D1D-4C71-AEF0-FA120AB189EB}.Debug|Any CPU.Build.0 = Debug|Any CPU
		{1F86376D-8D1D-4C71-AEF0-FA120AB189EB}.Release|Any CPU.ActiveCfg = Release|Any CPU
		{1F86376D-8D1D-4C71-AEF0-FA120AB189EB}.Release|Any CPU.Build.0 = Release|Any CPU
		{C55F3A86-FA4B-418C-AC99-BE899292A104}.Debug|Any CPU.ActiveCfg = Debug|Any CPU
		{C55F3A86-FA4B-418C-AC99-BE899292A104}.Debug|Any CPU.Build.0 = Debug|Any CPU
		{C55F3A86-FA4B-418C-AC99-BE899292A104}.Release|Any CPU.ActiveCfg = Release|Any CPU
		{C55F3A86-FA4B-418C-AC99-BE899292A104}.Release|Any CPU.Build.0 = Release|Any CPU
	EndGlobalSection
	GlobalSection(SolutionProperties) = preSolution
		HideSolutionNode = FALSE
	EndGlobalSection
	GlobalSection(NestedProjects) = preSolution
		{16A4A5A2-FD8C-418F-92B1-67A0181A2697} = {70449383-77A1-4602-9D17-F26ED73F0329}
	EndGlobalSection
	GlobalSection(ExtensibilityGlobals) = postSolution
		SolutionGuid = {B1938DB9-291F-402B-AAE2-F3D405E67D88}
	EndGlobalSection
EndGlobal
